// !$*UTF8*$!
{
	archiveVersion = 1;
	classes = {
	};
	objectVersion = 46;
	objects = {

/* Begin PBXBuildFile section */
		CD76733D1725257500F44AC1 /* libTestFlight.a in Frameworks */ = {isa = PBXBuildFile; fileRef = CD76733B1725257500F44AC1 /* libTestFlight.a */; };
		CD76733F172525B700F44AC1 /* libz.dylib in Frameworks */ = {isa = PBXBuildFile; fileRef = CD76733E172525B700F44AC1 /* libz.dylib */; };
		CDA3D22417231036001482D9 /* UIKit.framework in Frameworks */ = {isa = PBXBuildFile; fileRef = CDA3D22317231036001482D9 /* UIKit.framework */; };
		CDA3D22617231036001482D9 /* Foundation.framework in Frameworks */ = {isa = PBXBuildFile; fileRef = CDA3D22517231036001482D9 /* Foundation.framework */; };
		CDA3D22817231036001482D9 /* CoreGraphics.framework in Frameworks */ = {isa = PBXBuildFile; fileRef = CDA3D22717231036001482D9 /* CoreGraphics.framework */; };
		CDA3D274172312BC001482D9 /* Default-568h@2x.png in Resources */ = {isa = PBXBuildFile; fileRef = CDA3D267172312BC001482D9 /* Default-568h@2x.png */; };
		CDA3D275172312BC001482D9 /* Default.png in Resources */ = {isa = PBXBuildFile; fileRef = CDA3D268172312BC001482D9 /* Default.png */; };
		CDA3D276172312BC001482D9 /* Default@2x.png in Resources */ = {isa = PBXBuildFile; fileRef = CDA3D269172312BC001482D9 /* Default@2x.png */; };
		CDA3D277172312BC001482D9 /* SQAppDelegate.m in Sources */ = {isa = PBXBuildFile; fileRef = CDA3D26D172312BC001482D9 /* SQAppDelegate.m */; };
		CDA3D278172312BC001482D9 /* SQMain.m in Sources */ = {isa = PBXBuildFile; fileRef = CDA3D26E172312BC001482D9 /* SQMain.m */; };
		CDA3D2801723136B001482D9 /* PanelDevice.png in Resources */ = {isa = PBXBuildFile; fileRef = CDA3D27C1723136B001482D9 /* PanelDevice.png */; };
		CDA3D2811723136B001482D9 /* PanelDevice@2x.png in Resources */ = {isa = PBXBuildFile; fileRef = CDA3D27D1723136B001482D9 /* PanelDevice@2x.png */; };
		CDA3D2821723136B001482D9 /* PanelMemory.png in Resources */ = {isa = PBXBuildFile; fileRef = CDA3D27E1723136B001482D9 /* PanelMemory.png */; };
		CDA3D2831723136B001482D9 /* PanelMemory@2x.png in Resources */ = {isa = PBXBuildFile; fileRef = CDA3D27F1723136B001482D9 /* PanelMemory@2x.png */; };
		CDA3D2891723138F001482D9 /* Icon.png in Resources */ = {isa = PBXBuildFile; fileRef = CDA3D2881723138F001482D9 /* Icon.png */; };
		CDA3D28B17231393001482D9 /* Icon@2x.png in Resources */ = {isa = PBXBuildFile; fileRef = CDA3D28A17231393001482D9 /* Icon@2x.png */; };
		CDA3D29117231441001482D9 /* HeaderDevice.png in Resources */ = {isa = PBXBuildFile; fileRef = CDA3D28D17231441001482D9 /* HeaderDevice.png */; };
		CDA3D29217231441001482D9 /* HeaderDevice@2x.png in Resources */ = {isa = PBXBuildFile; fileRef = CDA3D28E17231441001482D9 /* HeaderDevice@2x.png */; };
		CDA3D29317231441001482D9 /* HeaderMemory.png in Resources */ = {isa = PBXBuildFile; fileRef = CDA3D28F17231441001482D9 /* HeaderMemory.png */; };
		CDA3D29417231441001482D9 /* HeaderMemory@2x.png in Resources */ = {isa = PBXBuildFile; fileRef = CDA3D29017231441001482D9 /* HeaderMemory@2x.png */; };
		CDA3D2A1172322B7001482D9 /* SQMemoryHelper.m in Sources */ = {isa = PBXBuildFile; fileRef = CDA3D2A0172322B7001482D9 /* SQMemoryHelper.m */; };
		CDA3D2AC17233116001482D9 /* SQViewController.m in Sources */ = {isa = PBXBuildFile; fileRef = CDA3D2A717233116001482D9 /* SQViewController.m */; };
		CDA3D2AD17233116001482D9 /* SQViewController.xib in Resources */ = {isa = PBXBuildFile; fileRef = CDA3D2A817233116001482D9 /* SQViewController.xib */; };
		CDA3D2AE17233116001482D9 /* SQMemoryView.m in Sources */ = {isa = PBXBuildFile; fileRef = CDA3D2AB17233116001482D9 /* SQMemoryView.m */; };
		CDA3D2B217233145001482D9 /* SQLabelFactory.m in Sources */ = {isa = PBXBuildFile; fileRef = CDA3D2B117233145001482D9 /* SQLabelFactory.m */; };
		CDA3D2B917233CB7001482D9 /* Pattern.png in Resources */ = {isa = PBXBuildFile; fileRef = CDA3D2B717233CB7001482D9 /* Pattern.png */; };
		CDA3D2BA17233CB7001482D9 /* Pattern@2x.png in Resources */ = {isa = PBXBuildFile; fileRef = CDA3D2B817233CB7001482D9 /* Pattern@2x.png */; };
		CDA3D2BE1723403E001482D9 /* SQUtilities.m in Sources */ = {isa = PBXBuildFile; fileRef = CDA3D2BD1723403E001482D9 /* SQUtilities.m */; };
		CDA3D2C2172342BD001482D9 /* SQDeviceView.m in Sources */ = {isa = PBXBuildFile; fileRef = CDA3D2C1172342BD001482D9 /* SQDeviceView.m */; };
		CDD066DC172353E900A187C0 /* SQDeviceHelper.m in Sources */ = {isa = PBXBuildFile; fileRef = CDD066DB172353E900A187C0 /* SQDeviceHelper.m */; };
/* End PBXBuildFile section */

/* Begin PBXFileReference section */
		CD76733B1725257500F44AC1 /* libTestFlight.a */ = {isa = PBXFileReference; lastKnownFileType = archive.ar; path = libTestFlight.a; sourceTree = "<group>"; };
		CD76733C1725257500F44AC1 /* TestFlight.h */ = {isa = PBXFileReference; fileEncoding = 4; lastKnownFileType = sourcecode.c.h; path = TestFlight.h; sourceTree = "<group>"; };
		CD76733E172525B700F44AC1 /* libz.dylib */ = {isa = PBXFileReference; lastKnownFileType = "compiled.mach-o.dylib"; name = libz.dylib; path = usr/lib/libz.dylib; sourceTree = SDKROOT; };
		CDA3D22017231036001482D9 /* Statistique.app */ = {isa = PBXFileReference; explicitFileType = wrapper.application; includeInIndex = 0; path = Statistique.app; sourceTree = BUILT_PRODUCTS_DIR; };
		CDA3D22317231036001482D9 /* UIKit.framework */ = {isa = PBXFileReference; lastKnownFileType = wrapper.framework; name = UIKit.framework; path = System/Library/Frameworks/UIKit.framework; sourceTree = SDKROOT; };
		CDA3D22517231036001482D9 /* Foundation.framework */ = {isa = PBXFileReference; lastKnownFileType = wrapper.framework; name = Foundation.framework; path = System/Library/Frameworks/Foundation.framework; sourceTree = SDKROOT; };
		CDA3D22717231036001482D9 /* CoreGraphics.framework */ = {isa = PBXFileReference; lastKnownFileType = wrapper.framework; name = CoreGraphics.framework; path = System/Library/Frameworks/CoreGraphics.framework; sourceTree = SDKROOT; };
		CDA3D22B17231036001482D9 /* Statistique-Info.plist */ = {isa = PBXFileReference; lastKnownFileType = text.plist.xml; path = "Statistique-Info.plist"; sourceTree = "<group>"; };
		CDA3D23117231036001482D9 /* Statistique-Prefix.pch */ = {isa = PBXFileReference; lastKnownFileType = sourcecode.c.h; path = "Statistique-Prefix.pch"; sourceTree = "<group>"; };
		CDA3D267172312BC001482D9 /* Default-568h@2x.png */ = {isa = PBXFileReference; lastKnownFileType = image.png; path = "Default-568h@2x.png"; sourceTree = "<group>"; };
		CDA3D268172312BC001482D9 /* Default.png */ = {isa = PBXFileReference; lastKnownFileType = image.png; path = Default.png; sourceTree = "<group>"; };
		CDA3D269172312BC001482D9 /* Default@2x.png */ = {isa = PBXFileReference; lastKnownFileType = image.png; path = "Default@2x.png"; sourceTree = "<group>"; };
		CDA3D26C172312BC001482D9 /* SQAppDelegate.h */ = {isa = PBXFileReference; fileEncoding = 4; lastKnownFileType = sourcecode.c.h; path = SQAppDelegate.h; sourceTree = "<group>"; };
		CDA3D26D172312BC001482D9 /* SQAppDelegate.m */ = {isa = PBXFileReference; fileEncoding = 4; lastKnownFileType = sourcecode.c.objc; path = SQAppDelegate.m; sourceTree = "<group>"; };
		CDA3D26E172312BC001482D9 /* SQMain.m */ = {isa = PBXFileReference; fileEncoding = 4; lastKnownFileType = sourcecode.c.objc; path = SQMain.m; sourceTree = "<group>"; };
		CDA3D27C1723136B001482D9 /* PanelDevice.png */ = {isa = PBXFileReference; lastKnownFileType = image.png; path = PanelDevice.png; sourceTree = "<group>"; };
		CDA3D27D1723136B001482D9 /* PanelDevice@2x.png */ = {isa = PBXFileReference; lastKnownFileType = image.png; path = "PanelDevice@2x.png"; sourceTree = "<group>"; };
		CDA3D27E1723136B001482D9 /* PanelMemory.png */ = {isa = PBXFileReference; lastKnownFileType = image.png; path = PanelMemory.png; sourceTree = "<group>"; };
		CDA3D27F1723136B001482D9 /* PanelMemory@2x.png */ = {isa = PBXFileReference; lastKnownFileType = image.png; path = "PanelMemory@2x.png"; sourceTree = "<group>"; };
		CDA3D2881723138F001482D9 /* Icon.png */ = {isa = PBXFileReference; lastKnownFileType = image.png; path = Icon.png; sourceTree = "<group>"; };
		CDA3D28A17231393001482D9 /* Icon@2x.png */ = {isa = PBXFileReference; lastKnownFileType = image.png; path = "Icon@2x.png"; sourceTree = "<group>"; };
		CDA3D28D17231441001482D9 /* HeaderDevice.png */ = {isa = PBXFileReference; lastKnownFileType = image.png; path = HeaderDevice.png; sourceTree = "<group>"; };
		CDA3D28E17231441001482D9 /* HeaderDevice@2x.png */ = {isa = PBXFileReference; lastKnownFileType = image.png; path = "HeaderDevice@2x.png"; sourceTree = "<group>"; };
		CDA3D28F17231441001482D9 /* HeaderMemory.png */ = {isa = PBXFileReference; lastKnownFileType = image.png; path = HeaderMemory.png; sourceTree = "<group>"; };
		CDA3D29017231441001482D9 /* HeaderMemory@2x.png */ = {isa = PBXFileReference; lastKnownFileType = image.png; path = "HeaderMemory@2x.png"; sourceTree = "<group>"; };
		CDA3D29F172322B7001482D9 /* SQMemoryHelper.h */ = {isa = PBXFileReference; fileEncoding = 4; lastKnownFileType = sourcecode.c.h; path = SQMemoryHelper.h; sourceTree = "<group>"; };
		CDA3D2A0172322B7001482D9 /* SQMemoryHelper.m */ = {isa = PBXFileReference; fileEncoding = 4; lastKnownFileType = sourcecode.c.objc; path = SQMemoryHelper.m; sourceTree = "<group>"; };
		CDA3D2A617233116001482D9 /* SQViewController.h */ = {isa = PBXFileReference; fileEncoding = 4; lastKnownFileType = sourcecode.c.h; path = SQViewController.h; sourceTree = "<group>"; };
		CDA3D2A717233116001482D9 /* SQViewController.m */ = {isa = PBXFileReference; fileEncoding = 4; lastKnownFileType = sourcecode.c.objc; path = SQViewController.m; sourceTree = "<group>"; };
		CDA3D2A817233116001482D9 /* SQViewController.xib */ = {isa = PBXFileReference; fileEncoding = 4; lastKnownFileType = file.xib; path = SQViewController.xib; sourceTree = "<group>"; };
		CDA3D2AA17233116001482D9 /* SQMemoryView.h */ = {isa = PBXFileReference; fileEncoding = 4; lastKnownFileType = sourcecode.c.h; path = SQMemoryView.h; sourceTree = "<group>"; };
		CDA3D2AB17233116001482D9 /* SQMemoryView.m */ = {isa = PBXFileReference; fileEncoding = 4; lastKnownFileType = sourcecode.c.objc; path = SQMemoryView.m; sourceTree = "<group>"; };
		CDA3D2B017233145001482D9 /* SQLabelFactory.h */ = {isa = PBXFileReference; fileEncoding = 4; lastKnownFileType = sourcecode.c.h; path = SQLabelFactory.h; sourceTree = "<group>"; };
		CDA3D2B117233145001482D9 /* SQLabelFactory.m */ = {isa = PBXFileReference; fileEncoding = 4; lastKnownFileType = sourcecode.c.objc; path = SQLabelFactory.m; sourceTree = "<group>"; };
		CDA3D2B717233CB7001482D9 /* Pattern.png */ = {isa = PBXFileReference; lastKnownFileType = image.png; path = Pattern.png; sourceTree = "<group>"; };
		CDA3D2B817233CB7001482D9 /* Pattern@2x.png */ = {isa = PBXFileReference; lastKnownFileType = image.png; path = "Pattern@2x.png"; sourceTree = "<group>"; };
		CDA3D2BC1723403E001482D9 /* SQUtilities.h */ = {isa = PBXFileReference; fileEncoding = 4; lastKnownFileType = sourcecode.c.h; path = SQUtilities.h; sourceTree = "<group>"; };
		CDA3D2BD1723403E001482D9 /* SQUtilities.m */ = {isa = PBXFileReference; fileEncoding = 4; lastKnownFileType = sourcecode.c.objc; path = SQUtilities.m; sourceTree = "<group>"; };
		CDA3D2C0172342BD001482D9 /* SQDeviceView.h */ = {isa = PBXFileReference; fileEncoding = 4; lastKnownFileType = sourcecode.c.h; path = SQDeviceView.h; sourceTree = "<group>"; };
		CDA3D2C1172342BD001482D9 /* SQDeviceView.m */ = {isa = PBXFileReference; fileEncoding = 4; lastKnownFileType = sourcecode.c.objc; path = SQDeviceView.m; sourceTree = "<group>"; };
		CDD066DA172353E900A187C0 /* SQDeviceHelper.h */ = {isa = PBXFileReference; fileEncoding = 4; lastKnownFileType = sourcecode.c.h; path = SQDeviceHelper.h; sourceTree = "<group>"; };
		CDD066DB172353E900A187C0 /* SQDeviceHelper.m */ = {isa = PBXFileReference; fileEncoding = 4; lastKnownFileType = sourcecode.c.objc; path = SQDeviceHelper.m; sourceTree = "<group>"; };
/* End PBXFileReference section */

/* Begin PBXFrameworksBuildPhase section */
		CDA3D21D17231036001482D9 /* Frameworks */ = {
			isa = PBXFrameworksBuildPhase;
			buildActionMask = 2147483647;
			files = (
				CD76733F172525B700F44AC1 /* libz.dylib in Frameworks */,
				CDA3D22417231036001482D9 /* UIKit.framework in Frameworks */,
				CDA3D22617231036001482D9 /* Foundation.framework in Frameworks */,
				CDA3D22817231036001482D9 /* CoreGraphics.framework in Frameworks */,
				CD76733D1725257500F44AC1 /* libTestFlight.a in Frameworks */,
			);
			runOnlyForDeploymentPostprocessing = 0;
		};
/* End PBXFrameworksBuildPhase section */

/* Begin PBXGroup section */
		CD76733A1725257500F44AC1 /* Libraries */ = {
			isa = PBXGroup;
			children = (
				CD76733B1725257500F44AC1 /* libTestFlight.a */,
				CD76733C1725257500F44AC1 /* TestFlight.h */,
			);
			name = Libraries;
			path = Source/Libraries;
			sourceTree = "<group>";
		};
		CDA3D21717231036001482D9 = {
			isa = PBXGroup;
			children = (
				CDA3D28A17231393001482D9 /* Icon@2x.png */,
				CDA3D2881723138F001482D9 /* Icon.png */,
				CDA3D22917231036001482D9 /* Statistique */,
				CDA3D22217231036001482D9 /* Frameworks */,
				CDA3D22117231036001482D9 /* Products */,
			);
			sourceTree = "<group>";
		};
		CDA3D22117231036001482D9 /* Products */ = {
			isa = PBXGroup;
			children = (
				CDA3D22017231036001482D9 /* Statistique.app */,
			);
			name = Products;
			sourceTree = "<group>";
		};
		CDA3D22217231036001482D9 /* Frameworks */ = {
			isa = PBXGroup;
			children = (
				CD76733E172525B700F44AC1 /* libz.dylib */,
				CDA3D22317231036001482D9 /* UIKit.framework */,
				CDA3D22517231036001482D9 /* Foundation.framework */,
				CDA3D22717231036001482D9 /* CoreGraphics.framework */,
			);
			name = Frameworks;
			sourceTree = "<group>";
		};
		CDA3D22917231036001482D9 /* Statistique */ = {
			isa = PBXGroup;
			children = (
				CDA3D265172312BC001482D9 /* Assets */,
				CDA3D26A172312BC001482D9 /* Classes */,
				CD76733A1725257500F44AC1 /* Libraries */,
				CDA3D22A17231036001482D9 /* Supporting Files */,
				CDA3D26F172312BC001482D9 /* Views */,
			);
			path = Statistique;
			sourceTree = "<group>";
		};
		CDA3D22A17231036001482D9 /* Supporting Files */ = {
			isa = PBXGroup;
			children = (
				CDA3D22B17231036001482D9 /* Statistique-Info.plist */,
				CDA3D23117231036001482D9 /* Statistique-Prefix.pch */,
			);
			name = "Supporting Files";
			sourceTree = "<group>";
		};
		CDA3D265172312BC001482D9 /* Assets */ = {
			isa = PBXGroup;
			children = (
				CDA3D266172312BC001482D9 /* Default */,
				CDA3D28C17231441001482D9 /* Header */,
				CDA3D27B1723136B001482D9 /* Panels */,
			);
			name = Assets;
			path = Source/Assets;
			sourceTree = "<group>";
		};
		CDA3D266172312BC001482D9 /* Default */ = {
			isa = PBXGroup;
			children = (
				CDA3D267172312BC001482D9 /* Default-568h@2x.png */,
				CDA3D268172312BC001482D9 /* Default.png */,
				CDA3D269172312BC001482D9 /* Default@2x.png */,
			);
			path = Default;
			sourceTree = "<group>";
		};
		CDA3D26A172312BC001482D9 /* Classes */ = {
			isa = PBXGroup;
			children = (
				CDA3D26B172312BC001482D9 /* Application Delegate */,
				CDD066D9172353DC00A187C0 /* Device */,
				CDA3D29E172322A5001482D9 /* Memory */,
				CDA3D2BB17234032001482D9 /* Helpers */,
				CDA3D2AF17233132001482D9 /* Factory */,
				CDA3D26E172312BC001482D9 /* SQMain.m */,
			);
			name = Classes;
			path = Source/Classes;
			sourceTree = "<group>";
		};
		CDA3D26B172312BC001482D9 /* Application Delegate */ = {
			isa = PBXGroup;
			children = (
				CDA3D26C172312BC001482D9 /* SQAppDelegate.h */,
				CDA3D26D172312BC001482D9 /* SQAppDelegate.m */,
			);
			path = "Application Delegate";
			sourceTree = "<group>";
		};
		CDA3D26F172312BC001482D9 /* Views */ = {
			isa = PBXGroup;
			children = (
				CDA3D2BF172342AA001482D9 /* Device */,
				CDA3D2A517233116001482D9 /* Main */,
				CDA3D2A917233116001482D9 /* Memory */,
			);
			name = Views;
			path = Source/Views;
			sourceTree = "<group>";
		};
		CDA3D27B1723136B001482D9 /* Panels */ = {
			isa = PBXGroup;
			children = (
				CDA3D2B717233CB7001482D9 /* Pattern.png */,
				CDA3D2B817233CB7001482D9 /* Pattern@2x.png */,
				CDA3D27C1723136B001482D9 /* PanelDevice.png */,
				CDA3D27D1723136B001482D9 /* PanelDevice@2x.png */,
				CDA3D27E1723136B001482D9 /* PanelMemory.png */,
				CDA3D27F1723136B001482D9 /* PanelMemory@2x.png */,
			);
			path = Panels;
			sourceTree = "<group>";
		};
		CDA3D28C17231441001482D9 /* Header */ = {
			isa = PBXGroup;
			children = (
				CDA3D28D17231441001482D9 /* HeaderDevice.png */,
				CDA3D28E17231441001482D9 /* HeaderDevice@2x.png */,
				CDA3D28F17231441001482D9 /* HeaderMemory.png */,
				CDA3D29017231441001482D9 /* HeaderMemory@2x.png */,
			);
			path = Header;
			sourceTree = "<group>";
		};
		CDA3D29E172322A5001482D9 /* Memory */ = {
			isa = PBXGroup;
			children = (
				CDA3D29F172322B7001482D9 /* SQMemoryHelper.h */,
				CDA3D2A0172322B7001482D9 /* SQMemoryHelper.m */,
			);
			path = Memory;
			sourceTree = "<group>";
		};
		CDA3D2A517233116001482D9 /* Main */ = {
			isa = PBXGroup;
			children = (
				CDA3D2A617233116001482D9 /* SQViewController.h */,
				CDA3D2A717233116001482D9 /* SQViewController.m */,
				CDA3D2A817233116001482D9 /* SQViewController.xib */,
			);
			path = Main;
			sourceTree = "<group>";
		};
		CDA3D2A917233116001482D9 /* Memory */ = {
			isa = PBXGroup;
			children = (
				CDA3D2AA17233116001482D9 /* SQMemoryView.h */,
				CDA3D2AB17233116001482D9 /* SQMemoryView.m */,
			);
			path = Memory;
			sourceTree = "<group>";
		};
		CDA3D2AF17233132001482D9 /* Factory */ = {
			isa = PBXGroup;
			children = (
				CDA3D2B017233145001482D9 /* SQLabelFactory.h */,
				CDA3D2B117233145001482D9 /* SQLabelFactory.m */,
			);
			path = Factory;
			sourceTree = "<group>";
		};
		CDA3D2BB17234032001482D9 /* Helpers */ = {
			isa = PBXGroup;
			children = (
				CDA3D2BC1723403E001482D9 /* SQUtilities.h */,
				CDA3D2BD1723403E001482D9 /* SQUtilities.m */,
			);
			path = Helpers;
			sourceTree = "<group>";
		};
		CDA3D2BF172342AA001482D9 /* Device */ = {
			isa = PBXGroup;
			children = (
				CDA3D2C0172342BD001482D9 /* SQDeviceView.h */,
				CDA3D2C1172342BD001482D9 /* SQDeviceView.m */,
			);
			path = Device;
			sourceTree = "<group>";
		};
		CDD066D9172353DC00A187C0 /* Device */ = {
			isa = PBXGroup;
			children = (
				CDD066DA172353E900A187C0 /* SQDeviceHelper.h */,
				CDD066DB172353E900A187C0 /* SQDeviceHelper.m */,
			);
			path = Device;
			sourceTree = "<group>";
		};
/* End PBXGroup section */

/* Begin PBXNativeTarget section */
		CDA3D21F17231036001482D9 /* Statistique */ = {
			isa = PBXNativeTarget;
			buildConfigurationList = CDA3D24317231036001482D9 /* Build configuration list for PBXNativeTarget "Statistique" */;
			buildPhases = (
				CDA3D21C17231036001482D9 /* Sources */,
				CDA3D21D17231036001482D9 /* Frameworks */,
				CDA3D21E17231036001482D9 /* Resources */,
			);
			buildRules = (
			);
			dependencies = (
			);
			name = Statistique;
			productName = Statistique;
			productReference = CDA3D22017231036001482D9 /* Statistique.app */;
			productType = "com.apple.product-type.application";
		};
/* End PBXNativeTarget section */

/* Begin PBXProject section */
		CDA3D21817231036001482D9 /* Project object */ = {
			isa = PBXProject;
			attributes = {
				CLASSPREFIX = SQ;
				LastUpgradeCheck = 0460;
				ORGANIZATIONNAME = "Patrick Chamelo - nscoding";
			};
			buildConfigurationList = CDA3D21B17231036001482D9 /* Build configuration list for PBXProject "Statistique" */;
			compatibilityVersion = "Xcode 3.2";
			developmentRegion = English;
			hasScannedForEncodings = 0;
			knownRegions = (
				en,
			);
			mainGroup = CDA3D21717231036001482D9;
			productRefGroup = CDA3D22117231036001482D9 /* Products */;
			projectDirPath = "";
			projectRoot = "";
			targets = (
				CDA3D21F17231036001482D9 /* Statistique */,
			);
		};
/* End PBXProject section */

/* Begin PBXResourcesBuildPhase section */
		CDA3D21E17231036001482D9 /* Resources */ = {
			isa = PBXResourcesBuildPhase;
			buildActionMask = 2147483647;
			files = (
				CDA3D274172312BC001482D9 /* Default-568h@2x.png in Resources */,
				CDA3D275172312BC001482D9 /* Default.png in Resources */,
				CDA3D276172312BC001482D9 /* Default@2x.png in Resources */,
				CDA3D2801723136B001482D9 /* PanelDevice.png in Resources */,
				CDA3D2811723136B001482D9 /* PanelDevice@2x.png in Resources */,
				CDA3D2821723136B001482D9 /* PanelMemory.png in Resources */,
				CDA3D2831723136B001482D9 /* PanelMemory@2x.png in Resources */,
				CDA3D2891723138F001482D9 /* Icon.png in Resources */,
				CDA3D28B17231393001482D9 /* Icon@2x.png in Resources */,
				CDA3D29117231441001482D9 /* HeaderDevice.png in Resources */,
				CDA3D29217231441001482D9 /* HeaderDevice@2x.png in Resources */,
				CDA3D29317231441001482D9 /* HeaderMemory.png in Resources */,
				CDA3D29417231441001482D9 /* HeaderMemory@2x.png in Resources */,
				CDA3D2AD17233116001482D9 /* SQViewController.xib in Resources */,
				CDA3D2B917233CB7001482D9 /* Pattern.png in Resources */,
				CDA3D2BA17233CB7001482D9 /* Pattern@2x.png in Resources */,
			);
			runOnlyForDeploymentPostprocessing = 0;
		};
/* End PBXResourcesBuildPhase section */

/* Begin PBXSourcesBuildPhase section */
		CDA3D21C17231036001482D9 /* Sources */ = {
			isa = PBXSourcesBuildPhase;
			buildActionMask = 2147483647;
			files = (
				CDA3D277172312BC001482D9 /* SQAppDelegate.m in Sources */,
				CDA3D278172312BC001482D9 /* SQMain.m in Sources */,
				CDA3D2A1172322B7001482D9 /* SQMemoryHelper.m in Sources */,
				CDA3D2AC17233116001482D9 /* SQViewController.m in Sources */,
				CDA3D2AE17233116001482D9 /* SQMemoryView.m in Sources */,
				CDA3D2B217233145001482D9 /* SQLabelFactory.m in Sources */,
				CDA3D2BE1723403E001482D9 /* SQUtilities.m in Sources */,
				CDA3D2C2172342BD001482D9 /* SQDeviceView.m in Sources */,
				CDD066DC172353E900A187C0 /* SQDeviceHelper.m in Sources */,
			);
			runOnlyForDeploymentPostprocessing = 0;
		};
/* End PBXSourcesBuildPhase section */

/* Begin XCBuildConfiguration section */
		CD767346172528AB00F44AC1 /* Adhoc */ = {
			isa = XCBuildConfiguration;
			buildSettings = {
				ALWAYS_SEARCH_USER_PATHS = NO;
				CLANG_CXX_LANGUAGE_STANDARD = "gnu++0x";
				CLANG_CXX_LIBRARY = "libc++";
				CLANG_ENABLE_OBJC_ARC = YES;
				CLANG_WARN_CONSTANT_CONVERSION = YES;
				CLANG_WARN_EMPTY_BODY = YES;
				CLANG_WARN_ENUM_CONVERSION = YES;
				CLANG_WARN_INT_CONVERSION = YES;
				CLANG_WARN__DUPLICATE_METHOD_MATCH = YES;
				CODE_SIGN_IDENTITY = "iPhone Distribution: Patrick CHAMELO";
				"CODE_SIGN_IDENTITY[sdk=iphoneos*]" = "iPhone Distribution: Patrick CHAMELO";
				COPY_PHASE_STRIP = YES;
				GCC_C_LANGUAGE_STANDARD = gnu99;
				GCC_WARN_ABOUT_RETURN_TYPE = YES;
				GCC_WARN_UNINITIALIZED_AUTOS = YES;
				GCC_WARN_UNUSED_VARIABLE = YES;
				IPHONEOS_DEPLOYMENT_TARGET = 5.0;
				OTHER_CFLAGS = "-DNS_BLOCK_ASSERTIONS=1";
				PROVISIONING_PROFILE = "9E31C529-3A24-4750-BAFF-6B355D28DAE3";
				"PROVISIONING_PROFILE[sdk=iphoneos*]" = "9E31C529-3A24-4750-BAFF-6B355D28DAE3";
				SDKROOT = iphoneos;
				VALIDATE_PRODUCT = YES;
			};
			name = Adhoc;
		};
		CD767347172528AB00F44AC1 /* Adhoc */ = {
			isa = XCBuildConfiguration;
			buildSettings = {
				CODE_SIGN_IDENTITY = "iPhone Distribution: Patrick CHAMELO";
				"CODE_SIGN_IDENTITY[sdk=iphoneos*]" = "iPhone Distribution: Patrick CHAMELO";
				GCC_PRECOMPILE_PREFIX_HEADER = YES;
				GCC_PREFIX_HEADER = "Statistique/Statistique-Prefix.pch";
				INFOPLIST_FILE = "Statistique/Statistique-Info.plist";
				IPHONEOS_DEPLOYMENT_TARGET = 5.0;
				LIBRARY_SEARCH_PATHS = (
					"$(inherited)",
					"\"$(SRCROOT)/Statistique/Source/Libraries\"",
				);
				PRODUCT_NAME = "$(TARGET_NAME)";
				PROVISIONING_PROFILE = "A79650C4-42B3-4237-AA6A-1037F83AA848";
				"PROVISIONING_PROFILE[sdk=iphoneos*]" = "A79650C4-42B3-4237-AA6A-1037F83AA848";
				WRAPPER_EXTENSION = app;
			};
			name = Adhoc;
		};
		CDA3D24117231036001482D9 /* Development */ = {
			isa = XCBuildConfiguration;
			buildSettings = {
				ALWAYS_SEARCH_USER_PATHS = NO;
				CLANG_CXX_LANGUAGE_STANDARD = "gnu++0x";
				CLANG_CXX_LIBRARY = "libc++";
				CLANG_ENABLE_OBJC_ARC = YES;
				CLANG_WARN_CONSTANT_CONVERSION = YES;
				CLANG_WARN_EMPTY_BODY = YES;
				CLANG_WARN_ENUM_CONVERSION = YES;
				CLANG_WARN_INT_CONVERSION = YES;
				CLANG_WARN__DUPLICATE_METHOD_MATCH = YES;
				CODE_SIGN_IDENTITY = "iPhone Developer: Patrick CHAMELO (4S7SPYVR8G)";
				"CODE_SIGN_IDENTITY[sdk=iphoneos*]" = "iPhone Developer: Patrick CHAMELO (4S7SPYVR8G)";
				COPY_PHASE_STRIP = NO;
				GCC_C_LANGUAGE_STANDARD = gnu99;
				GCC_DYNAMIC_NO_PIC = NO;
				GCC_OPTIMIZATION_LEVEL = 0;
				GCC_PREPROCESSOR_DEFINITIONS = (
					"DEBUG=1",
					"$(inherited)",
				);
				GCC_SYMBOLS_PRIVATE_EXTERN = NO;
				GCC_WARN_ABOUT_RETURN_TYPE = YES;
				GCC_WARN_UNINITIALIZED_AUTOS = YES;
				GCC_WARN_UNUSED_VARIABLE = YES;
				IPHONEOS_DEPLOYMENT_TARGET = 5.0;
				ONLY_ACTIVE_ARCH = YES;
				PROVISIONING_PROFILE = "65E21223-C005-4E89-8836-120DD4D453B5";
				"PROVISIONING_PROFILE[sdk=iphoneos*]" = "65E21223-C005-4E89-8836-120DD4D453B5";
				SDKROOT = iphoneos;
			};
			name = Development;
		};
		CDA3D24217231036001482D9 /* App Store */ = {
			isa = XCBuildConfiguration;
			buildSettings = {
				ALWAYS_SEARCH_USER_PATHS = NO;
				CLANG_CXX_LANGUAGE_STANDARD = "gnu++0x";
				CLANG_CXX_LIBRARY = "libc++";
				CLANG_ENABLE_OBJC_ARC = YES;
				CLANG_WARN_CONSTANT_CONVERSION = YES;
				CLANG_WARN_EMPTY_BODY = YES;
				CLANG_WARN_ENUM_CONVERSION = YES;
				CLANG_WARN_INT_CONVERSION = YES;
				CLANG_WARN__DUPLICATE_METHOD_MATCH = YES;
				CODE_SIGN_IDENTITY = "iPhone Distribution: Patrick CHAMELO";
				"CODE_SIGN_IDENTITY[sdk=iphoneos*]" = "iPhone Distribution: Patrick CHAMELO";
				COPY_PHASE_STRIP = YES;
				GCC_C_LANGUAGE_STANDARD = gnu99;
				GCC_WARN_ABOUT_RETURN_TYPE = YES;
				GCC_WARN_UNINITIALIZED_AUTOS = YES;
				GCC_WARN_UNUSED_VARIABLE = YES;
				IPHONEOS_DEPLOYMENT_TARGET = 5.0;
				OTHER_CFLAGS = "-DNS_BLOCK_ASSERTIONS=1";
				PROVISIONING_PROFILE = "A79650C4-42B3-4237-AA6A-1037F83AA848";
				"PROVISIONING_PROFILE[sdk=iphoneos*]" = "A79650C4-42B3-4237-AA6A-1037F83AA848";
				SDKROOT = iphoneos;
				VALIDATE_PRODUCT = YES;
			};
			name = "App Store";
		};
		CDA3D24417231036001482D9 /* Development */ = {
			isa = XCBuildConfiguration;
			buildSettings = {
				CODE_SIGN_IDENTITY = "iPhone Developer: Patrick CHAMELO (4S7SPYVR8G)";
				"CODE_SIGN_IDENTITY[sdk=iphoneos*]" = "iPhone Developer: Patrick CHAMELO (4S7SPYVR8G)";
				GCC_PRECOMPILE_PREFIX_HEADER = YES;
				GCC_PREFIX_HEADER = "Statistique/Statistique-Prefix.pch";
				INFOPLIST_FILE = "Statistique/Statistique-Info.plist";
				IPHONEOS_DEPLOYMENT_TARGET = 5.0;
				LIBRARY_SEARCH_PATHS = (
					"$(inherited)",
					"\"$(SRCROOT)/Statistique/Source/Libraries\"",
				);
				PRODUCT_NAME = "$(TARGET_NAME)";
				PROVISIONING_PROFILE = "65E21223-C005-4E89-8836-120DD4D453B5";
				"PROVISIONING_PROFILE[sdk=iphoneos*]" = "65E21223-C005-4E89-8836-120DD4D453B5";
				WRAPPER_EXTENSION = app;
			};
			name = Development;
		};
		CDA3D24517231036001482D9 /* App Store */ = {
			isa = XCBuildConfiguration;
			buildSettings = {
				CODE_SIGN_IDENTITY = "iPhone Distribution: Patrick CHAMELO";
				"CODE_SIGN_IDENTITY[sdk=iphoneos*]" = "iPhone Distribution: Patrick CHAMELO";
				GCC_PRECOMPILE_PREFIX_HEADER = YES;
				GCC_PREFIX_HEADER = "Statistique/Statistique-Prefix.pch";
				INFOPLIST_FILE = "Statistique/Statistique-Info.plist";
				IPHONEOS_DEPLOYMENT_TARGET = 5.0;
				LIBRARY_SEARCH_PATHS = (
					"$(inherited)",
					"\"$(SRCROOT)/Statistique/Source/Libraries\"",
				);
				PRODUCT_NAME = "$(TARGET_NAME)";
				PROVISIONING_PROFILE = "A79650C4-42B3-4237-AA6A-1037F83AA848";
				"PROVISIONING_PROFILE[sdk=iphoneos*]" = "A79650C4-42B3-4237-AA6A-1037F83AA848";
				WRAPPER_EXTENSION = app;
			};
			name = "App Store";
		};
/* End XCBuildConfiguration section */

/* Begin XCConfigurationList section */
		CDA3D21B17231036001482D9 /* Build configuration list for PBXProject "Statistique" */ = {
			isa = XCConfigurationList;
			buildConfigurations = (
				CDA3D24117231036001482D9 /* Development */,
				CDA3D24217231036001482D9 /* App Store */,
				CD767346172528AB00F44AC1 /* Adhoc */,
			);
			defaultConfigurationIsVisible = 0;
			defaultConfigurationName = Development;
		};
		CDA3D24317231036001482D9 /* Build configuration list for PBXNativeTarget "Statistique" */ = {
			isa = XCConfigurationList;
			buildConfigurations = (
				CDA3D24417231036001482D9 /* Development */,
				CDA3D24517231036001482D9 /* App Store */,
				CD767347172528AB00F44AC1 /* Adhoc */,
			);
			defaultConfigurationIsVisible = 0;
			defaultConfigurationName = Development;
		};
/* End XCConfigurationList section */
	};
	rootObject = CDA3D21817231036001482D9 /* Project object */;
}
