// !$*UTF8*$!
{
	archiveVersion = 1;
	classes = {
	};
	objectVersion = 46;
	objects = {

/* Begin PBXBuildFile section */
		CD1D5A701943CA94003BE3D6 /* AppDelegate.swift in Sources */ = {isa = PBXBuildFile; fileRef = CD1D5A6F1943CA94003BE3D6 /* AppDelegate.swift */; };
		CD1D5A721943CA94003BE3D6 /* Images.xcassets in Resources */ = {isa = PBXBuildFile; fileRef = CD1D5A711943CA94003BE3D6 /* Images.xcassets */; };
		CD1D5A7E1943CA94003BE3D6 /* StatistiqueTests.swift in Sources */ = {isa = PBXBuildFile; fileRef = CD1D5A7D1943CA94003BE3D6 /* StatistiqueTests.swift */; };
/* End PBXBuildFile section */

/* Begin PBXContainerItemProxy section */
		CD1D5A781943CA94003BE3D6 /* PBXContainerItemProxy */ = {
			isa = PBXContainerItemProxy;
			containerPortal = CD1D5A621943CA94003BE3D6 /* Project object */;
			proxyType = 1;
			remoteGlobalIDString = CD1D5A691943CA94003BE3D6;
			remoteInfo = Statistique;
		};
/* End PBXContainerItemProxy section */

/* Begin PBXFileReference section */
		CD1D5A6A1943CA94003BE3D6 /* Statistique.app */ = {isa = PBXFileReference; explicitFileType = wrapper.application; includeInIndex = 0; path = Statistique.app; sourceTree = BUILT_PRODUCTS_DIR; };
		CD1D5A6E1943CA94003BE3D6 /* Info.plist */ = {isa = PBXFileReference; lastKnownFileType = text.plist.xml; path = Info.plist; sourceTree = "<group>"; };
		CD1D5A6F1943CA94003BE3D6 /* AppDelegate.swift */ = {isa = PBXFileReference; lastKnownFileType = sourcecode.swift; path = AppDelegate.swift; sourceTree = "<group>"; };
		CD1D5A711943CA94003BE3D6 /* Images.xcassets */ = {isa = PBXFileReference; lastKnownFileType = folder.assetcatalog; path = Images.xcassets; sourceTree = "<group>"; };
		CD1D5A771943CA94003BE3D6 /* StatistiqueTests.xctest */ = {isa = PBXFileReference; explicitFileType = wrapper.cfbundle; includeInIndex = 0; path = StatistiqueTests.xctest; sourceTree = BUILT_PRODUCTS_DIR; };
		CD1D5A7C1943CA94003BE3D6 /* Info.plist */ = {isa = PBXFileReference; lastKnownFileType = text.plist.xml; path = Info.plist; sourceTree = "<group>"; };
		CD1D5A7D1943CA94003BE3D6 /* StatistiqueTests.swift */ = {isa = PBXFileReference; lastKnownFileType = sourcecode.swift; path = StatistiqueTests.swift; sourceTree = "<group>"; };
/* End PBXFileReference section */

/* Begin PBXFrameworksBuildPhase section */
		CD1D5A671943CA94003BE3D6 /* Frameworks */ = {
			isa = PBXFrameworksBuildPhase;
			buildActionMask = 2147483647;
			files = (
			);
			runOnlyForDeploymentPostprocessing = 0;
		};
		CD1D5A741943CA94003BE3D6 /* Frameworks */ = {
			isa = PBXFrameworksBuildPhase;
			buildActionMask = 2147483647;
			files = (
			);
			runOnlyForDeploymentPostprocessing = 0;
		};
/* End PBXFrameworksBuildPhase section */

/* Begin PBXGroup section */
		CD1D5A611943CA94003BE3D6 = {
			isa = PBXGroup;
			children = (
				CD1D5A6C1943CA94003BE3D6 /* Statistique */,
				CD1D5A7A1943CA94003BE3D6 /* StatistiqueTests */,
				CD1D5A6B1943CA94003BE3D6 /* Products */,
			);
			sourceTree = "<group>";
		};
		CD1D5A6B1943CA94003BE3D6 /* Products */ = {
			isa = PBXGroup;
			children = (
				CD1D5A6A1943CA94003BE3D6 /* Statistique.app */,
				CD1D5A771943CA94003BE3D6 /* StatistiqueTests.xctest */,
			);
			name = Products;
			sourceTree = "<group>";
		};
		CD1D5A6C1943CA94003BE3D6 /* Statistique */ = {
			isa = PBXGroup;
			children = (
				CD1D5A6F1943CA94003BE3D6 /* AppDelegate.swift */,
				CD1D5A711943CA94003BE3D6 /* Images.xcassets */,
				CD1D5A6D1943CA94003BE3D6 /* Supporting Files */,
			);
			path = Statistique;
			sourceTree = "<group>";
		};
		CD1D5A6D1943CA94003BE3D6 /* Supporting Files */ = {
			isa = PBXGroup;
			children = (
				CD1D5A6E1943CA94003BE3D6 /* Info.plist */,
			);
			name = "Supporting Files";
			sourceTree = "<group>";
		};
		CD1D5A7A1943CA94003BE3D6 /* StatistiqueTests */ = {
			isa = PBXGroup;
			children = (
				CD1D5A7D1943CA94003BE3D6 /* StatistiqueTests.swift */,
				CD1D5A7B1943CA94003BE3D6 /* Supporting Files */,
			);
			path = StatistiqueTests;
			sourceTree = "<group>";
		};
		CD1D5A7B1943CA94003BE3D6 /* Supporting Files */ = {
			isa = PBXGroup;
			children = (
				CD1D5A7C1943CA94003BE3D6 /* Info.plist */,
			);
			name = "Supporting Files";
			sourceTree = "<group>";
		};
/* End PBXGroup section */

/* Begin PBXNativeTarget section */
		CD1D5A691943CA94003BE3D6 /* Statistique */ = {
			isa = PBXNativeTarget;
			buildConfigurationList = CD1D5A811943CA94003BE3D6 /* Build configuration list for PBXNativeTarget "Statistique" */;
			buildPhases = (
				CD1D5A661943CA94003BE3D6 /* Sources */,
				CD1D5A671943CA94003BE3D6 /* Frameworks */,
				CD1D5A681943CA94003BE3D6 /* Resources */,
			);
			buildRules = (
			);
			dependencies = (
			);
			name = Statistique;
			productName = Statistique;
			productReference = CD1D5A6A1943CA94003BE3D6 /* Statistique.app */;
			productType = "com.apple.product-type.application";
		};
		CD1D5A761943CA94003BE3D6 /* StatistiqueTests */ = {
			isa = PBXNativeTarget;
			buildConfigurationList = CD1D5A841943CA94003BE3D6 /* Build configuration list for PBXNativeTarget "StatistiqueTests" */;
			buildPhases = (
				CD1D5A731943CA94003BE3D6 /* Sources */,
				CD1D5A741943CA94003BE3D6 /* Frameworks */,
				CD1D5A751943CA94003BE3D6 /* Resources */,
			);
			buildRules = (
			);
			dependencies = (
				CD1D5A791943CA94003BE3D6 /* PBXTargetDependency */,
			);
			name = StatistiqueTests;
			productName = StatistiqueTests;
			productReference = CD1D5A771943CA94003BE3D6 /* StatistiqueTests.xctest */;
			productType = "com.apple.product-type.bundle.unit-test";
		};
/* End PBXNativeTarget section */

/* Begin PBXProject section */
		CD1D5A621943CA94003BE3D6 /* Project object */ = {
			isa = PBXProject;
			attributes = {
				LastUpgradeCheck = 0600;
				ORGANIZATIONNAME = "Patrick Chamelo";
				TargetAttributes = {
					CD1D5A691943CA94003BE3D6 = {
						CreatedOnToolsVersion = 6.0;
					};
					CD1D5A761943CA94003BE3D6 = {
						CreatedOnToolsVersion = 6.0;
						TestTargetID = CD1D5A691943CA94003BE3D6;
					};
				};
			};
			buildConfigurationList = CD1D5A651943CA94003BE3D6 /* Build configuration list for PBXProject "Statistique" */;
			compatibilityVersion = "Xcode 3.2";
			developmentRegion = English;
			hasScannedForEncodings = 0;
			knownRegions = (
				en,
			);
			mainGroup = CD1D5A611943CA94003BE3D6;
			productRefGroup = CD1D5A6B1943CA94003BE3D6 /* Products */;
			projectDirPath = "";
			projectRoot = "";
			targets = (
				CD1D5A691943CA94003BE3D6 /* Statistique */,
				CD1D5A761943CA94003BE3D6 /* StatistiqueTests */,
			);
		};
/* End PBXProject section */

/* Begin PBXResourcesBuildPhase section */
		CD1D5A681943CA94003BE3D6 /* Resources */ = {
			isa = PBXResourcesBuildPhase;
			buildActionMask = 2147483647;
			files = (
				CD1D5A721943CA94003BE3D6 /* Images.xcassets in Resources */,
			);
			runOnlyForDeploymentPostprocessing = 0;
		};
		CD1D5A751943CA94003BE3D6 /* Resources */ = {
			isa = PBXResourcesBuildPhase;
			buildActionMask = 2147483647;
			files = (
			);
			runOnlyForDeploymentPostprocessing = 0;
		};
/* End PBXResourcesBuildPhase section */

/* Begin PBXSourcesBuildPhase section */
		CD1D5A661943CA94003BE3D6 /* Sources */ = {
			isa = PBXSourcesBuildPhase;
			buildActionMask = 2147483647;
			files = (
				CD1D5A701943CA94003BE3D6 /* AppDelegate.swift in Sources */,
			);
			runOnlyForDeploymentPostprocessing = 0;
		};
		CD1D5A731943CA94003BE3D6 /* Sources */ = {
			isa = PBXSourcesBuildPhase;
			buildActionMask = 2147483647;
			files = (
				CD1D5A7E1943CA94003BE3D6 /* StatistiqueTests.swift in Sources */,
			);
			runOnlyForDeploymentPostprocessing = 0;
		};
/* End PBXSourcesBuildPhase section */

/* Begin PBXTargetDependency section */
		CD1D5A791943CA94003BE3D6 /* PBXTargetDependency */ = {
			isa = PBXTargetDependency;
			target = CD1D5A691943CA94003BE3D6 /* Statistique */;
			targetProxy = CD1D5A781943CA94003BE3D6 /* PBXContainerItemProxy */;
		};
/* End PBXTargetDependency section */

/* Begin XCBuildConfiguration section */
		CD1D5A7F1943CA94003BE3D6 /* Debug */ = {
			isa = XCBuildConfiguration;
			buildSettings = {
				ALWAYS_SEARCH_USER_PATHS = NO;
				CLANG_CXX_LANGUAGE_STANDARD = "gnu++0x";
				CLANG_CXX_LIBRARY = "libc++";
				CLANG_ENABLE_MODULES = YES;
				CLANG_ENABLE_OBJC_ARC = YES;
				CLANG_WARN_BOOL_CONVERSION = YES;
				CLANG_WARN_CONSTANT_CONVERSION = YES;
				CLANG_WARN_DIRECT_OBJC_ISA_USAGE = YES_ERROR;
				CLANG_WARN_EMPTY_BODY = YES;
				CLANG_WARN_ENUM_CONVERSION = YES;
				CLANG_WARN_INT_CONVERSION = YES;
				CLANG_WARN_OBJC_ROOT_CLASS = YES_ERROR;
				CLANG_WARN_UNREACHABLE_CODE = YES;
				CLANG_WARN__DUPLICATE_METHOD_MATCH = YES;
				"CODE_SIGN_IDENTITY[sdk=iphoneos*]" = "iPhone Developer";
				COPY_PHASE_STRIP = NO;
				ENABLE_STRICT_OBJC_MSGSEND = YES;
				GCC_C_LANGUAGE_STANDARD = gnu99;
				GCC_DYNAMIC_NO_PIC = NO;
				GCC_OPTIMIZATION_LEVEL = 0;
				GCC_PREPROCESSOR_DEFINITIONS = (
					"DEBUG=1",
					"$(inherited)",
				);
				GCC_SYMBOLS_PRIVATE_EXTERN = NO;
				GCC_WARN_64_TO_32_BIT_CONVERSION = YES;
				GCC_WARN_ABOUT_RETURN_TYPE = YES_ERROR;
				GCC_WARN_UNDECLARED_SELECTOR = YES;
				GCC_WARN_UNINITIALIZED_AUTOS = YES_AGGRESSIVE;
				GCC_WARN_UNUSED_FUNCTION = YES;
				GCC_WARN_UNUSED_VARIABLE = YES;
				IPHONEOS_DEPLOYMENT_TARGET = 8.0;
				METAL_ENABLE_DEBUG_INFO = YES;
				ONLY_ACTIVE_ARCH = YES;
				SDKROOT = iphoneos;
				SWIFT_OPTIMIZATION_LEVEL = "-Onone";
			};
			name = Debug;
		};
		CD1D5A801943CA94003BE3D6 /* Release */ = {
			isa = XCBuildConfiguration;
			buildSettings = {
				ALWAYS_SEARCH_USER_PATHS = NO;
				CLANG_CXX_LANGUAGE_STANDARD = "gnu++0x";
				CLANG_CXX_LIBRARY = "libc++";
				CLANG_ENABLE_MODULES = YES;
				CLANG_ENABLE_OBJC_ARC = YES;
				CLANG_WARN_BOOL_CONVERSION = YES;
				CLANG_WARN_CONSTANT_CONVERSION = YES;
				CLANG_WARN_DIRECT_OBJC_ISA_USAGE = YES_ERROR;
				CLANG_WARN_EMPTY_BODY = YES;
				CLANG_WARN_ENUM_CONVERSION = YES;
				CLANG_WARN_INT_CONVERSION = YES;
				CLANG_WARN_OBJC_ROOT_CLASS = YES_ERROR;
				CLANG_WARN_UNREACHABLE_CODE = YES;
				CLANG_WARN__DUPLICATE_METHOD_MATCH = YES;
				"CODE_SIGN_IDENTITY[sdk=iphoneos*]" = "iPhone Developer";
				COPY_PHASE_STRIP = YES;
				ENABLE_NS_ASSERTIONS = NO;
				ENABLE_STRICT_OBJC_MSGSEND = YES;
				GCC_C_LANGUAGE_STANDARD = gnu99;
				GCC_WARN_64_TO_32_BIT_CONVERSION = YES;
				GCC_WARN_ABOUT_RETURN_TYPE = YES_ERROR;
				GCC_WARN_UNDECLARED_SELECTOR = YES;
				GCC_WARN_UNINITIALIZED_AUTOS = YES_AGGRESSIVE;
				GCC_WARN_UNUSED_FUNCTION = YES;
				GCC_WARN_UNUSED_VARIABLE = YES;
				IPHONEOS_DEPLOYMENT_TARGET = 8.0;
				METAL_ENABLE_DEBUG_INFO = NO;
				SDKROOT = iphoneos;
				VALIDATE_PRODUCT = YES;
			};
			name = Release;
		};
		CD1D5A821943CA94003BE3D6 /* Debug */ = {
			isa = XCBuildConfiguration;
			buildSettings = {
				ASSETCATALOG_COMPILER_APPICON_NAME = AppIcon;
				ASSETCATALOG_COMPILER_LAUNCHIMAGE_NAME = LaunchImage;
				INFOPLIST_FILE = Statistique/Info.plist;
				LD_RUNPATH_SEARCH_PATHS = "$(inherited) @executable_path/Frameworks";
				PRODUCT_NAME = "$(TARGET_NAME)";
			};
			name = Debug;
		};
		CD1D5A831943CA94003BE3D6 /* Release */ = {
			isa = XCBuildConfiguration;
			buildSettings = {
				ASSETCATALOG_COMPILER_APPICON_NAME = AppIcon;
				ASSETCATALOG_COMPILER_LAUNCHIMAGE_NAME = LaunchImage;
				INFOPLIST_FILE = Statistique/Info.plist;
				LD_RUNPATH_SEARCH_PATHS = "$(inherited) @executable_path/Frameworks";
				PRODUCT_NAME = "$(TARGET_NAME)";
			};
			name = Release;
		};
		CD1D5A851943CA94003BE3D6 /* Debug */ = {
			isa = XCBuildConfiguration;
			buildSettings = {
				BUNDLE_LOADER = "$(BUILT_PRODUCTS_DIR)/Statistique.app/Statistique";
				FRAMEWORK_SEARCH_PATHS = (
					"$(SDKROOT)/Developer/Library/Frameworks",
					"$(inherited)",
				);
				GCC_PREPROCESSOR_DEFINITIONS = (
					"DEBUG=1",
					"$(inherited)",
				);
				INFOPLIST_FILE = StatistiqueTests/Info.plist;
				LD_RUNPATH_SEARCH_PATHS = "$(inherited) @executable_path/Frameworks @loader_path/Frameworks";
				METAL_ENABLE_DEBUG_INFO = YES;
				PRODUCT_NAME = "$(TARGET_NAME)";
				TEST_HOST = "$(BUNDLE_LOADER)";
			};
			name = Debug;
		};
		CD1D5A861943CA94003BE3D6 /* Release */ = {
			isa = XCBuildConfiguration;
			buildSettings = {
				BUNDLE_LOADER = "$(BUILT_PRODUCTS_DIR)/Statistique.app/Statistique";
				FRAMEWORK_SEARCH_PATHS = (
					"$(SDKROOT)/Developer/Library/Frameworks",
					"$(inherited)",
				);
				INFOPLIST_FILE = StatistiqueTests/Info.plist;
				LD_RUNPATH_SEARCH_PATHS = "$(inherited) @executable_path/Frameworks @loader_path/Frameworks";
				METAL_ENABLE_DEBUG_INFO = NO;
				PRODUCT_NAME = "$(TARGET_NAME)";
				TEST_HOST = "$(BUNDLE_LOADER)";
			};
			name = Release;
		};
/* End XCBuildConfiguration section */

/* Begin XCConfigurationList section */
		CD1D5A651943CA94003BE3D6 /* Build configuration list for PBXProject "Statistique" */ = {
			isa = XCConfigurationList;
			buildConfigurations = (
				CD1D5A7F1943CA94003BE3D6 /* Debug */,
				CD1D5A801943CA94003BE3D6 /* Release */,
			);
			defaultConfigurationIsVisible = 0;
			defaultConfigurationName = Release;
		};
		CD1D5A811943CA94003BE3D6 /* Build configuration list for PBXNativeTarget "Statistique" */ = {
			isa = XCConfigurationList;
			buildConfigurations = (
				CD1D5A821943CA94003BE3D6 /* Debug */,
				CD1D5A831943CA94003BE3D6 /* Release */,
			);
			defaultConfigurationIsVisible = 0;
		};
		CD1D5A841943CA94003BE3D6 /* Build configuration list for PBXNativeTarget "StatistiqueTests" */ = {
			isa = XCConfigurationList;
			buildConfigurations = (
				CD1D5A851943CA94003BE3D6 /* Debug */,
				CD1D5A861943CA94003BE3D6 /* Release */,
			);
			defaultConfigurationIsVisible = 0;
		};
/* End XCConfigurationList section */
	};
	rootObject = CD1D5A621943CA94003BE3D6 /* Project object */;
}
