// !$*UTF8*$!
{
	archiveVersion = 1;
	classes = {
	};
	objectVersion = 46;
	objects = {

/* Begin PBXBuildFile section */
		CD1D5A721943CA94003BE3D6 /* Images.xcassets in Resources */ = {isa = PBXBuildFile; fileRef = CD1D5A711943CA94003BE3D6 /* Images.xcassets */; };
		CD4A53671944E389004F2558 /* AppDelegate.swift in Sources */ = {isa = PBXBuildFile; fileRef = CD4A53611944E389004F2558 /* AppDelegate.swift */; };
		CD4A53681944E389004F2558 /* MemoryDataSource.swift in Sources */ = {isa = PBXBuildFile; fileRef = CD4A53651944E389004F2558 /* MemoryDataSource.swift */; };
		CD4A53691944E389004F2558 /* MemoryViewController.swift in Sources */ = {isa = PBXBuildFile; fileRef = CD4A53661944E389004F2558 /* MemoryViewController.swift */; };
		CD4A536B1944E3AF004F2558 /* CGRect+Helpers.swift in Sources */ = {isa = PBXBuildFile; fileRef = CD4A536A1944E3AF004F2558 /* CGRect+Helpers.swift */; };
		CD4A536D1944E4CC004F2558 /* UIView+Helpers.swift in Sources */ = {isa = PBXBuildFile; fileRef = CD4A536C1944E4CC004F2558 /* UIView+Helpers.swift */; };
/* End PBXBuildFile section */

/* Begin PBXFileReference section */
		CD1D5A6A1943CA94003BE3D6 /* Statistique.app */ = {isa = PBXFileReference; explicitFileType = wrapper.application; includeInIndex = 0; path = Statistique.app; sourceTree = BUILT_PRODUCTS_DIR; };
		CD1D5A6E1943CA94003BE3D6 /* Info.plist */ = {isa = PBXFileReference; lastKnownFileType = text.plist.xml; path = Info.plist; sourceTree = "<group>"; };
		CD1D5A711943CA94003BE3D6 /* Images.xcassets */ = {isa = PBXFileReference; lastKnownFileType = folder.assetcatalog; path = Images.xcassets; sourceTree = "<group>"; };
		CD4A53611944E389004F2558 /* AppDelegate.swift */ = {isa = PBXFileReference; fileEncoding = 4; lastKnownFileType = sourcecode.swift; path = AppDelegate.swift; sourceTree = "<group>"; };
		CD4A53651944E389004F2558 /* MemoryDataSource.swift */ = {isa = PBXFileReference; fileEncoding = 4; lastKnownFileType = sourcecode.swift; path = MemoryDataSource.swift; sourceTree = "<group>"; };
		CD4A53661944E389004F2558 /* MemoryViewController.swift */ = {isa = PBXFileReference; fileEncoding = 4; lastKnownFileType = sourcecode.swift; path = MemoryViewController.swift; sourceTree = "<group>"; };
		CD4A536A1944E3AF004F2558 /* CGRect+Helpers.swift */ = {isa = PBXFileReference; fileEncoding = 4; lastKnownFileType = sourcecode.swift; path = "CGRect+Helpers.swift"; sourceTree = "<group>"; };
		CD4A536C1944E4CC004F2558 /* UIView+Helpers.swift */ = {isa = PBXFileReference; fileEncoding = 4; lastKnownFileType = sourcecode.swift; path = "UIView+Helpers.swift"; sourceTree = "<group>"; };
/* End PBXFileReference section */

/* Begin PBXFrameworksBuildPhase section */
		CD1D5A671943CA94003BE3D6 /* Frameworks */ = {
			isa = PBXFrameworksBuildPhase;
			buildActionMask = 2147483647;
			files = (
			);
			runOnlyForDeploymentPostprocessing = 0;
		};
/* End PBXFrameworksBuildPhase section */

/* Begin PBXGroup section */
		CD1D5A611943CA94003BE3D6 = {
			isa = PBXGroup;
			children = (
				CD1D5A6C1943CA94003BE3D6 /* Statistique */,
				CD1D5A6B1943CA94003BE3D6 /* Products */,
			);
			sourceTree = "<group>";
		};
		CD1D5A6B1943CA94003BE3D6 /* Products */ = {
			isa = PBXGroup;
			children = (
				CD1D5A6A1943CA94003BE3D6 /* Statistique.app */,
			);
			name = Products;
			sourceTree = "<group>";
		};
		CD1D5A6C1943CA94003BE3D6 /* Statistique */ = {
			isa = PBXGroup;
			children = (
				CD4A535F1944E389004F2558 /* Classes */,
				CD4A53631944E389004F2558 /* Views */,
				CD1D5A711943CA94003BE3D6 /* Images.xcassets */,
				CD1D5A6D1943CA94003BE3D6 /* Supporting Files */,
			);
			path = Statistique;
			sourceTree = "<group>";
		};
		CD1D5A6D1943CA94003BE3D6 /* Supporting Files */ = {
			isa = PBXGroup;
			children = (
				CD1D5A6E1943CA94003BE3D6 /* Info.plist */,
			);
			name = "Supporting Files";
			sourceTree = "<group>";
		};
		CD4A535F1944E389004F2558 /* Classes */ = {
			isa = PBXGroup;
			children = (
				CD4A53601944E389004F2558 /* Application */,
				CD4A53621944E389004F2558 /* Extensions */,
			);
			path = Classes;
			sourceTree = "<group>";
		};
		CD4A53601944E389004F2558 /* Application */ = {
			isa = PBXGroup;
			children = (
				CD4A53611944E389004F2558 /* AppDelegate.swift */,
			);
			path = Application;
			sourceTree = "<group>";
		};
		CD4A53621944E389004F2558 /* Extensions */ = {
			isa = PBXGroup;
			children = (
				CD4A536A1944E3AF004F2558 /* CGRect+Helpers.swift */,
				CD4A536C1944E4CC004F2558 /* UIView+Helpers.swift */,
			);
			path = Extensions;
			sourceTree = "<group>";
		};
		CD4A53631944E389004F2558 /* Views */ = {
			isa = PBXGroup;
			children = (
				CD4A53641944E389004F2558 /* Memory */,
			);
			path = Views;
			sourceTree = "<group>";
		};
		CD4A53641944E389004F2558 /* Memory */ = {
			isa = PBXGroup;
			children = (
				CD4A53651944E389004F2558 /* MemoryDataSource.swift */,
				CD4A53661944E389004F2558 /* MemoryViewController.swift */,
			);
			path = Memory;
			sourceTree = "<group>";
		};
/* End PBXGroup section */

/* Begin PBXNativeTarget section */
		CD1D5A691943CA94003BE3D6 /* Statistique */ = {
			isa = PBXNativeTarget;
			buildConfigurationList = CD1D5A811943CA94003BE3D6 /* Build configuration list for PBXNativeTarget "Statistique" */;
			buildPhases = (
				CD1D5A661943CA94003BE3D6 /* Sources */,
				CD1D5A671943CA94003BE3D6 /* Frameworks */,
				CD1D5A681943CA94003BE3D6 /* Resources */,
			);
			buildRules = (
			);
			dependencies = (
			);
			name = Statistique;
			productName = Statistique;
			productReference = CD1D5A6A1943CA94003BE3D6 /* Statistique.app */;
			productType = "com.apple.product-type.application";
		};
/* End PBXNativeTarget section */

/* Begin PBXProject section */
		CD1D5A621943CA94003BE3D6 /* Project object */ = {
			isa = PBXProject;
			attributes = {
				LastUpgradeCheck = 0600;
				ORGANIZATIONNAME = "Patrick Chamelo";
				TargetAttributes = {
					CD1D5A691943CA94003BE3D6 = {
						CreatedOnToolsVersion = 6.0;
					};
				};
			};
			buildConfigurationList = CD1D5A651943CA94003BE3D6 /* Build configuration list for PBXProject "Statistique" */;
			compatibilityVersion = "Xcode 3.2";
			developmentRegion = English;
			hasScannedForEncodings = 0;
			knownRegions = (
				en,
			);
			mainGroup = CD1D5A611943CA94003BE3D6;
			productRefGroup = CD1D5A6B1943CA94003BE3D6 /* Products */;
			projectDirPath = "";
			projectRoot = "";
			targets = (
				CD1D5A691943CA94003BE3D6 /* Statistique */,
			);
		};
/* End PBXProject section */

/* Begin PBXResourcesBuildPhase section */
		CD1D5A681943CA94003BE3D6 /* Resources */ = {
			isa = PBXResourcesBuildPhase;
			buildActionMask = 2147483647;
			files = (
				CD1D5A721943CA94003BE3D6 /* Images.xcassets in Resources */,
			);
			runOnlyForDeploymentPostprocessing = 0;
		};
/* End PBXResourcesBuildPhase section */

/* Begin PBXSourcesBuildPhase section */
		CD1D5A661943CA94003BE3D6 /* Sources */ = {
			isa = PBXSourcesBuildPhase;
			buildActionMask = 2147483647;
			files = (
				CD4A536D1944E4CC004F2558 /* UIView+Helpers.swift in Sources */,
				CD4A53691944E389004F2558 /* MemoryViewController.swift in Sources */,
				CD4A536B1944E3AF004F2558 /* CGRect+Helpers.swift in Sources */,
				CD4A53671944E389004F2558 /* AppDelegate.swift in Sources */,
				CD4A53681944E389004F2558 /* MemoryDataSource.swift in Sources */,
			);
			runOnlyForDeploymentPostprocessing = 0;
		};
/* End PBXSourcesBuildPhase section */

/* Begin XCBuildConfiguration section */
		CD1D5A7F1943CA94003BE3D6 /* Debug */ = {
			isa = XCBuildConfiguration;
			buildSettings = {
				ALWAYS_SEARCH_USER_PATHS = NO;
				CLANG_CXX_LANGUAGE_STANDARD = "gnu++0x";
				CLANG_CXX_LIBRARY = "libc++";
				CLANG_ENABLE_MODULES = YES;
				CLANG_ENABLE_OBJC_ARC = YES;
				CLANG_WARN_BOOL_CONVERSION = YES;
				CLANG_WARN_CONSTANT_CONVERSION = YES;
				CLANG_WARN_DIRECT_OBJC_ISA_USAGE = YES_ERROR;
				CLANG_WARN_EMPTY_BODY = YES;
				CLANG_WARN_ENUM_CONVERSION = YES;
				CLANG_WARN_INT_CONVERSION = YES;
				CLANG_WARN_OBJC_ROOT_CLASS = YES_ERROR;
				CLANG_WARN_UNREACHABLE_CODE = YES;
				CLANG_WARN__DUPLICATE_METHOD_MATCH = YES;
				"CODE_SIGN_IDENTITY[sdk=iphoneos*]" = "iPhone Developer";
				COPY_PHASE_STRIP = NO;
				ENABLE_STRICT_OBJC_MSGSEND = YES;
				GCC_C_LANGUAGE_STANDARD = gnu99;
				GCC_DYNAMIC_NO_PIC = NO;
				GCC_OPTIMIZATION_LEVEL = 0;
				GCC_PREPROCESSOR_DEFINITIONS = (
					"DEBUG=1",
					"$(inherited)",
				);
				GCC_SYMBOLS_PRIVATE_EXTERN = NO;
				GCC_WARN_64_TO_32_BIT_CONVERSION = YES;
				GCC_WARN_ABOUT_RETURN_TYPE = YES_ERROR;
				GCC_WARN_UNDECLARED_SELECTOR = YES;
				GCC_WARN_UNINITIALIZED_AUTOS = YES_AGGRESSIVE;
				GCC_WARN_UNUSED_FUNCTION = YES;
				GCC_WARN_UNUSED_VARIABLE = YES;
				IPHONEOS_DEPLOYMENT_TARGET = 8.0;
				METAL_ENABLE_DEBUG_INFO = YES;
				ONLY_ACTIVE_ARCH = YES;
				SDKROOT = iphoneos;
				SWIFT_OPTIMIZATION_LEVEL = "-Onone";
			};
			name = Debug;
		};
		CD1D5A801943CA94003BE3D6 /* Release */ = {
			isa = XCBuildConfiguration;
			buildSettings = {
				ALWAYS_SEARCH_USER_PATHS = NO;
				CLANG_CXX_LANGUAGE_STANDARD = "gnu++0x";
				CLANG_CXX_LIBRARY = "libc++";
				CLANG_ENABLE_MODULES = YES;
				CLANG_ENABLE_OBJC_ARC = YES;
				CLANG_WARN_BOOL_CONVERSION = YES;
				CLANG_WARN_CONSTANT_CONVERSION = YES;
				CLANG_WARN_DIRECT_OBJC_ISA_USAGE = YES_ERROR;
				CLANG_WARN_EMPTY_BODY = YES;
				CLANG_WARN_ENUM_CONVERSION = YES;
				CLANG_WARN_INT_CONVERSION = YES;
				CLANG_WARN_OBJC_ROOT_CLASS = YES_ERROR;
				CLANG_WARN_UNREACHABLE_CODE = YES;
				CLANG_WARN__DUPLICATE_METHOD_MATCH = YES;
				"CODE_SIGN_IDENTITY[sdk=iphoneos*]" = "iPhone Developer";
				COPY_PHASE_STRIP = YES;
				ENABLE_NS_ASSERTIONS = NO;
				ENABLE_STRICT_OBJC_MSGSEND = YES;
				GCC_C_LANGUAGE_STANDARD = gnu99;
				GCC_WARN_64_TO_32_BIT_CONVERSION = YES;
				GCC_WARN_ABOUT_RETURN_TYPE = YES_ERROR;
				GCC_WARN_UNDECLARED_SELECTOR = YES;
				GCC_WARN_UNINITIALIZED_AUTOS = YES_AGGRESSIVE;
				GCC_WARN_UNUSED_FUNCTION = YES;
				GCC_WARN_UNUSED_VARIABLE = YES;
				IPHONEOS_DEPLOYMENT_TARGET = 8.0;
				METAL_ENABLE_DEBUG_INFO = NO;
				SDKROOT = iphoneos;
				VALIDATE_PRODUCT = YES;
			};
			name = Release;
		};
		CD1D5A821943CA94003BE3D6 /* Debug */ = {
			isa = XCBuildConfiguration;
			buildSettings = {
				ASSETCATALOG_COMPILER_APPICON_NAME = AppIcon;
				ASSETCATALOG_COMPILER_LAUNCHIMAGE_NAME = LaunchImage;
				INFOPLIST_FILE = Statistique/Info.plist;
				LD_RUNPATH_SEARCH_PATHS = "$(inherited) @executable_path/Frameworks";
				PRODUCT_NAME = "$(TARGET_NAME)";
			};
			name = Debug;
		};
		CD1D5A831943CA94003BE3D6 /* Release */ = {
			isa = XCBuildConfiguration;
			buildSettings = {
				ASSETCATALOG_COMPILER_APPICON_NAME = AppIcon;
				ASSETCATALOG_COMPILER_LAUNCHIMAGE_NAME = LaunchImage;
				INFOPLIST_FILE = Statistique/Info.plist;
				LD_RUNPATH_SEARCH_PATHS = "$(inherited) @executable_path/Frameworks";
				PRODUCT_NAME = "$(TARGET_NAME)";
			};
			name = Release;
		};
/* End XCBuildConfiguration section */

/* Begin XCConfigurationList section */
		CD1D5A651943CA94003BE3D6 /* Build configuration list for PBXProject "Statistique" */ = {
			isa = XCConfigurationList;
			buildConfigurations = (
				CD1D5A7F1943CA94003BE3D6 /* Debug */,
				CD1D5A801943CA94003BE3D6 /* Release */,
			);
			defaultConfigurationIsVisible = 0;
			defaultConfigurationName = Release;
		};
		CD1D5A811943CA94003BE3D6 /* Build configuration list for PBXNativeTarget "Statistique" */ = {
			isa = XCConfigurationList;
			buildConfigurations = (
				CD1D5A821943CA94003BE3D6 /* Debug */,
				CD1D5A831943CA94003BE3D6 /* Release */,
			);
			defaultConfigurationIsVisible = 0;
			defaultConfigurationName = Release;
		};
/* End XCConfigurationList section */
	};
	rootObject = CD1D5A621943CA94003BE3D6 /* Project object */;
}
